<?xml version="1.0" encoding="utf-8"?>
<Project ToolsVersion="4.0" xmlns="http://schemas.microsoft.com/developer/msbuild/2003">
  <ItemGroup>
    <Filter Include="Phoenix">
      <UniqueIdentifier>{40FF9C0C-ACDE-1BA8-B5F6-A67E21558209}</UniqueIdentifier>
    </Filter>
    <Filter Include="Phoenix\Events">
      <UniqueIdentifier>{240313B4-10D1-06BA-F964-77E0E5D1E21E}</UniqueIdentifier>
    </Filter>
    <Filter Include="Phoenix\glfwWindow">
      <UniqueIdentifier>{B743E417-A327-A56D-0C88-9FC0F88A8FEF}</UniqueIdentifier>
    </Filter>
  </ItemGroup>
  <ItemGroup>
    <ClInclude Include="src\Phoenix.h" />
    <ClInclude Include="src\Phoenix\Application.h">
      <Filter>Phoenix</Filter>
    </ClInclude>
    <ClInclude Include="src\Phoenix\Core.h">
      <Filter>Phoenix</Filter>
    </ClInclude>
    <ClInclude Include="src\Phoenix\EntryPoint.h">
      <Filter>Phoenix</Filter>
    </ClInclude>
    <ClInclude Include="src\Phoenix\Events\Event.h">
      <Filter>Phoenix\Events</Filter>
    </ClInclude>
    <ClInclude Include="src\Phoenix\Events\KeyboardEvent.h">
      <Filter>Phoenix\Events</Filter>
    </ClInclude>
    <ClInclude Include="src\Phoenix\Events\MouseEvent.h">
      <Filter>Phoenix\Events</Filter>
    </ClInclude>
    <ClInclude Include="src\Phoenix\Events\WindowEvent.h">
      <Filter>Phoenix\Events</Filter>
    </ClInclude>
    <ClInclude Include="src\Phoenix\Log.h">
      <Filter>Phoenix</Filter>
    </ClInclude>
    <ClInclude Include="src\Phoenix\glfwWindow\Window.h">
      <Filter>Phoenix\glfwWindow</Filter>
    </ClInclude>
    <ClInclude Include="src\phxpch.h" />
  </ItemGroup>
  <ItemGroup>
    <ClCompile Include="src\Phoenix\Application.cpp">
      <Filter>Phoenix</Filter>
    </ClCompile>
    <ClCompile Include="src\Phoenix\Log.cpp">
      <Filter>Phoenix</Filter>
    </ClCompile>
    <ClCompile Include="src\Phoenix\glfwWindow\Window.cpp">
      <Filter>Phoenix\glfwWindow</Filter>
    </ClCompile>
    <ClCompile Include="src\phxpch.cpp" />
  </ItemGroup>
</Project>